{
  "name": "@typescript-package/length",
  "version": "0.1.0",
  "lockfileVersion": 3,
  "requires": true,
  "packages": {
    "": {
      "name": "@typescript-package/length",
      "version": "0.1.0",
      "funding": [
        {
          "type": "stripe",
          "url": "https://donate.stripe.com/dR614hfDZcJE3wAcMM"
        },
        {
          "type": "revolut",
          "url": "https://checkout.revolut.com/pay/048b10a3-0e10-42c8-a917-e3e9cb4c8e29"
        }
      ],
      "license": "MIT",
      "peerDependencies": {
        "@typedly/length": "^0.1.1"
      }
    },
    "node_modules/@typedly/length": {
      "version": "0.1.1",
      "resolved": "https://registry.npmjs.org/@typedly/length/-/length-0.1.1.tgz",
      "integrity": "sha512-FflN7srj5Lr9g5hGjzl3+YnZnYiU8d8GlXzWrdNz2D3RRVBPOx/yXEw86//mR9J04rfuwpvW2yNSBf7+qtlFOQ==",
      "funding": [
        {
          "type": "stripe",
          "url": "https://donate.stripe.com/dR614hfDZcJE3wAcMM"
        },
        {
          "type": "revolut",
          "url": "https://checkout.revolut.com/pay/048b10a3-0e10-42c8-a917-e3e9cb4c8e29"
        }
      ],
      "license": "MIT",
      "peer": true
    }
  }
}
