{
  "name": "@typescript-package/length",
  "version": "1.0.0",
  "lockfileVersion": 3,
  "requires": true,
  "packages": {
    "": {
      "name": "@typescript-package/length",
      "version": "1.0.0",
      "funding": [
        {
          "type": "stripe",
          "url": "https://donate.stripe.com/dR614hfDZcJE3wAcMM"
        },
        {
          "type": "revolut",
          "url": "https://checkout.revolut.com/pay/048b10a3-0e10-42c8-a917-e3e9cb4c8e29"
        }
      ],
      "license": "MIT",
      "peerDependencies": {
        "@typedly/settings": "^0.2.0"
      }
    },
    "node_modules/@typedly/affix": {
      "version": "3.0.0",
      "resolved": "https://registry.npmjs.org/@typedly/affix/-/affix-3.0.0.tgz",
      "integrity": "sha512-gQI8AZZD2PhkJpcKJc5rgzHU41NHdqO8kRNM57FRlFR68URpQavmUA21TLKUkb+Qh/aI1DqtOi3bKJj3UspZTg==",
      "funding": [
        {
          "type": "stripe",
          "url": "https://donate.stripe.com/dR614hfDZcJE3wAcMM"
        },
        {
          "type": "revolut",
          "url": "https://checkout.revolut.com/pay/048b10a3-0e10-42c8-a917-e3e9cb4c8e29"
        }
      ],
      "license": "MIT",
      "peer": true,
      "peerDependencies": {
        "@typedly/settings": "^0.2.0"
      }
    },
    "node_modules/@typedly/settings": {
      "version": "0.2.0",
      "resolved": "https://registry.npmjs.org/@typedly/settings/-/settings-0.2.0.tgz",
      "integrity": "sha512-U4iiHGLv2ymMqMIASwOjUoTiaf+pDKfE4uPAhxVQbZj2GEyuxjSdLeGhq8CEyWGKhWC7xx9xcu/skRUBKp7sCA==",
      "funding": [
        {
          "type": "stripe",
          "url": "https://donate.stripe.com/dR614hfDZcJE3wAcMM"
        },
        {
          "type": "revolut",
          "url": "https://checkout.revolut.com/pay/048b10a3-0e10-42c8-a917-e3e9cb4c8e29"
        }
      ],
      "license": "MIT",
      "peer": true
    }
  }
}
